
Microsoft Visual Studio Solution File, Format Version 11.00
# Visual Studio 2010
Project("{FAE04EC0-301F-11D3-BF4B-00C04F79EFBC}") = "Passive.Glimpse", "Passive.Glimpse\Passive.Glimpse.csproj", "{2670262F-8471-4925-837F-03665FDE9A00}"
EndProject
Project("{2150E333-8FDC-42A3-9474-1A3956D46DE8}") = "Solution Items", "Solution Items", "{0E3D0CED-A5FE-48DE-9579-2F9B95F64E33}"
	ProjectSection(SolutionItems) = preProject
		CHANGELOG.markdown = CHANGELOG.markdown
		Passive.Glimpse.build = Passive.Glimpse.build
		Passive.Glimpse.nuspec = Passive.Glimpse.nuspec
		README.markdown = README.markdown
	EndProjectSection
EndProject
Global
	GlobalSection(SolutionConfigurationPlatforms) = preSolution
		Debug|Any CPU = Debug|Any CPU
		Release|Any CPU = Release|Any CPU
	EndGlobalSection
	GlobalSection(ProjectConfigurationPlatforms) = postSolution
		{2670262F-8471-4925-837F-03665FDE9A00}.Debug|Any CPU.ActiveCfg = Debug|Any CPU
		{2670262F-8471-4925-837F-03665FDE9A00}.Debug|Any CPU.Build.0 = Debug|Any CPU
		{2670262F-8471-4925-837F-03665FDE9A00}.Release|Any CPU.ActiveCfg = Release|Any CPU
		{2670262F-8471-4925-837F-03665FDE9A00}.Release|Any CPU.Build.0 = Release|Any CPU
	EndGlobalSection
	GlobalSection(SolutionProperties) = preSolution
		HideSolutionNode = FALSE
	EndGlobalSection
EndGlobal
